
Microsoft Visual Studio Solution File, Format Version 12.00
# Visual Studio Version 16
VisualStudioVersion = 16.0.30711.63
MinimumVisualStudioVersion = 10.0.40219.1
Project("{FAE04EC0-301F-11D3-BF4B-00C04F79EFBC}") = "Core", "Core\Core.csproj", "{F3FB9DD2-A7DB-46D2-9113-A49DC1E20D83}"
EndProject
Global
	GlobalSection(SolutionConfigurationPlatforms) = preSolution
		Debug|Any CPU = Debug|Any CPU
		Release|Any CPU = Release|Any CPU
	EndGlobalSection
	GlobalSection(ProjectConfigurationPlatforms) = postSolution
		{F3FB9DD2-A7DB-46D2-9113-A49DC1E20D83}.Debug|Any CPU.ActiveCfg = Debug|Any CPU
		{F3FB9DD2-A7DB-46D2-9113-A49DC1E20D83}.Debug|Any CPU.Build.0 = Debug|Any CPU
		{F3FB9DD2-A7DB-46D2-9113-A49DC1E20D83}.Release|Any CPU.ActiveCfg = Release|Any CPU
		{F3FB9DD2-A7DB-46D2-9113-A49DC1E20D83}.Release|Any CPU.Build.0 = Release|Any CPU
	EndGlobalSection
	GlobalSection(SolutionProperties) = preSolution
		HideSolutionNode = FALSE
	EndGlobalSection
	GlobalSection(ExtensibilityGlobals) = postSolution
		SolutionGuid = {623CDD3D-601E-44AE-AA4B-06F76FFFF5DB}
	EndGlobalSection
EndGlobal
